
Microsoft Visual Studio Solution File, Format Version 12.00
# Visual Studio Version 17
VisualStudioVersion = 17.14.36408.4 d17.14
MinimumVisualStudioVersion = 10.0.40219.1
Project("{FAE04EC0-301F-11D3-BF4B-00C04F79EFBC}") = "A2", "A2.csproj", "{ED817100-85FF-4A86-AA96-7B3518FF4462}"
EndProject
Global
	GlobalSection(SolutionConfigurationPlatforms) = preSolution
		Debug|Any CPU = Debug|Any CPU
		Release|Any CPU = Release|Any CPU
	EndGlobalSection
	GlobalSection(ProjectConfigurationPlatforms) = postSolution
		{ED817100-85FF-4A86-AA96-7B3518FF4462}.Debug|Any CPU.ActiveCfg = Debug|Any CPU
		{ED817100-85FF-4A86-AA96-7B3518FF4462}.Debug|Any CPU.Build.0 = Debug|Any CPU
		{ED817100-85FF-4A86-AA96-7B3518FF4462}.Release|Any CPU.ActiveCfg = Release|Any CPU
		{ED817100-85FF-4A86-AA96-7B3518FF4462}.Release|Any CPU.Build.0 = Release|Any CPU
	EndGlobalSection
	GlobalSection(SolutionProperties) = preSolution
		HideSolutionNode = FALSE
	EndGlobalSection
	GlobalSection(ExtensibilityGlobals) = postSolution
		SolutionGuid = {1057BD9B-3803-4594-B181-634CADD909FD}
	EndGlobalSection
EndGlobal
